// !$*UTF8*$!
{
	archiveVersion = 1;
	classes = {
	};
	objectVersion = 77;
	objects = {

/* Begin PBXBuildFile section */
		446065F22D78D730009A3196 /* Assets.xcassets in Resources */ = {isa = PBXBuildFile; fileRef = 446065E92D78D730009A3196 /* Assets.xcassets */; };
		446065F42D78D730009A3196 /* LaunchScreen.storyboard in Resources */ = {isa = PBXBuildFile; fileRef = 446065EC2D78D730009A3196 /* LaunchScreen.storyboard */; };
		446065F52D78D730009A3196 /* Main.storyboard in Resources */ = {isa = PBXBuildFile; fileRef = 446065EE2D78D730009A3196 /* Main.storyboard */; };
		446065F62D78D730009A3196 /* AppDelegate.swift in Sources */ = {isa = PBXBuildFile; fileRef = 446065E82D78D730009A3196 /* AppDelegate.swift */; };
		446065F72D78D730009A3196 /* SceneDelegate.swift in Sources */ = {isa = PBXBuildFile; fileRef = 446065EF2D78D730009A3196 /* SceneDelegate.swift */; };
		446065F82D78D730009A3196 /* ContactListViewController.swift in Sources */ = {isa = PBXBuildFile; fileRef = 446065F02D78D730009A3196 /* ContactListViewController.swift */; };
		44D7C1DC2D7901E500198B04 /* ContactDetailsViewController.swift in Sources */ = {isa = PBXBuildFile; fileRef = 44D7C1DB2D7901E500198B04 /* ContactDetailsViewController.swift */; };
		44D7C1DE2D79052300198B04 /* Person.swift in Sources */ = {isa = PBXBuildFile; fileRef = 44D7C1DD2D79052300198B04 /* Person.swift */; };
/* End PBXBuildFile section */

/* Begin PBXFileReference section */
		446065D02D78D71F009A3196 /* ContactsListApp.app */ = {isa = PBXFileReference; explicitFileType = wrapper.application; includeInIndex = 0; path = ContactsListApp.app; sourceTree = BUILT_PRODUCTS_DIR; };
		446065E82D78D730009A3196 /* AppDelegate.swift */ = {isa = PBXFileReference; lastKnownFileType = sourcecode.swift; path = AppDelegate.swift; sourceTree = "<group>"; };
		446065E92D78D730009A3196 /* Assets.xcassets */ = {isa = PBXFileReference; lastKnownFileType = folder.assetcatalog; path = Assets.xcassets; sourceTree = "<group>"; };
		446065EA2D78D730009A3196 /* Info.plist */ = {isa = PBXFileReference; lastKnownFileType = text.plist.xml; path = Info.plist; sourceTree = "<group>"; };
		446065EB2D78D730009A3196 /* Base */ = {isa = PBXFileReference; lastKnownFileType = file.storyboard; name = Base; path = Base.lproj/LaunchScreen.storyboard; sourceTree = "<group>"; };
		446065ED2D78D730009A3196 /* Base */ = {isa = PBXFileReference; lastKnownFileType = file.storyboard; name = Base; path = Base.lproj/Main.storyboard; sourceTree = "<group>"; };
		446065EF2D78D730009A3196 /* SceneDelegate.swift */ = {isa = PBXFileReference; lastKnownFileType = sourcecode.swift; path = SceneDelegate.swift; sourceTree = "<group>"; };
		446065F02D78D730009A3196 /* ContactListViewController.swift */ = {isa = PBXFileReference; lastKnownFileType = sourcecode.swift; path = ContactListViewController.swift; sourceTree = "<group>"; };
		44D7C1DB2D7901E500198B04 /* ContactDetailsViewController.swift */ = {isa = PBXFileReference; lastKnownFileType = sourcecode.swift; path = ContactDetailsViewController.swift; sourceTree = "<group>"; };
		44D7C1DD2D79052300198B04 /* Person.swift */ = {isa = PBXFileReference; lastKnownFileType = sourcecode.swift; path = Person.swift; sourceTree = "<group>"; };
/* End PBXFileReference section */

/* Begin PBXFrameworksBuildPhase section */
		446065CD2D78D71F009A3196 /* Frameworks */ = {
			isa = PBXFrameworksBuildPhase;
			buildActionMask = 2147483647;
			files = (
			);
			runOnlyForDeploymentPostprocessing = 0;
		};
/* End PBXFrameworksBuildPhase section */

/* Begin PBXGroup section */
		446065C72D78D71F009A3196 = {
			isa = PBXGroup;
			children = (
				446065F12D78D730009A3196 /* ContactsListApp */,
				446065D12D78D71F009A3196 /* Products */,
			);
			sourceTree = "<group>";
		};
		446065D12D78D71F009A3196 /* Products */ = {
			isa = PBXGroup;
			children = (
				446065D02D78D71F009A3196 /* ContactsListApp.app */,
			);
			name = Products;
			sourceTree = "<group>";
		};
		446065F12D78D730009A3196 /* ContactsListApp */ = {
			isa = PBXGroup;
			children = (
				446065FA2D78D759009A3196 /* ViewControllers */,
				446065FB2D78D767009A3196 /* Models */,
				446065F92D78D746009A3196 /* StoryBoards */,
				446065FC2D78D78B009A3196 /* App */,
				446065FD2D78D7CA009A3196 /* Resourses */,
			);
			path = ContactsListApp;
			sourceTree = "<group>";
		};
		446065F92D78D746009A3196 /* StoryBoards */ = {
			isa = PBXGroup;
			children = (
				446065EE2D78D730009A3196 /* Main.storyboard */,
				446065EC2D78D730009A3196 /* LaunchScreen.storyboard */,
			);
			path = StoryBoards;
			sourceTree = "<group>";
		};
		446065FA2D78D759009A3196 /* ViewControllers */ = {
			isa = PBXGroup;
			children = (
				446065F02D78D730009A3196 /* ContactListViewController.swift */,
				44D7C1DB2D7901E500198B04 /* ContactDetailsViewController.swift */,
			);
			path = ViewControllers;
			sourceTree = "<group>";
		};
		446065FB2D78D767009A3196 /* Models */ = {
			isa = PBXGroup;
			children = (
				44D7C1DD2D79052300198B04 /* Person.swift */,
			);
			path = Models;
			sourceTree = "<group>";
		};
		446065FC2D78D78B009A3196 /* App */ = {
			isa = PBXGroup;
			children = (
				446065E82D78D730009A3196 /* AppDelegate.swift */,
				446065EF2D78D730009A3196 /* SceneDelegate.swift */,
				446065E92D78D730009A3196 /* Assets.xcassets */,
			);
			path = App;
			sourceTree = "<group>";
		};
		446065FD2D78D7CA009A3196 /* Resourses */ = {
			isa = PBXGroup;
			children = (
				446065EA2D78D730009A3196 /* Info.plist */,
			);
			path = Resourses;
			sourceTree = "<group>";
		};
/* End PBXGroup section */

/* Begin PBXNativeTarget section */
		446065CF2D78D71F009A3196 /* ContactsListApp */ = {
			isa = PBXNativeTarget;
			buildConfigurationList = 446065E32D78D720009A3196 /* Build configuration list for PBXNativeTarget "ContactsListApp" */;
			buildPhases = (
				446065CC2D78D71F009A3196 /* Sources */,
				446065CD2D78D71F009A3196 /* Frameworks */,
				446065CE2D78D71F009A3196 /* Resources */,
			);
			buildRules = (
			);
			dependencies = (
			);
			name = ContactsListApp;
			packageProductDependencies = (
			);
			productName = ContactsListApp;
			productReference = 446065D02D78D71F009A3196 /* ContactsListApp.app */;
			productType = "com.apple.product-type.application";
		};
/* End PBXNativeTarget section */

/* Begin PBXProject section */
		446065C82D78D71F009A3196 /* Project object */ = {
			isa = PBXProject;
			attributes = {
				BuildIndependentTargetsInParallel = 1;
				LastSwiftUpdateCheck = 1620;
				LastUpgradeCheck = 1620;
				TargetAttributes = {
					446065CF2D78D71F009A3196 = {
						CreatedOnToolsVersion = 16.2;
					};
				};
			};
			buildConfigurationList = 446065CB2D78D71F009A3196 /* Build configuration list for PBXProject "ContactsListApp" */;
			developmentRegion = en;
			hasScannedForEncodings = 0;
			knownRegions = (
				en,
				Base,
			);
			mainGroup = 446065C72D78D71F009A3196;
			minimizedProjectReferenceProxies = 1;
			preferredProjectObjectVersion = 77;
			productRefGroup = 446065D12D78D71F009A3196 /* Products */;
			projectDirPath = "";
			projectRoot = "";
			targets = (
				446065CF2D78D71F009A3196 /* ContactsListApp */,
			);
		};
/* End PBXProject section */

/* Begin PBXResourcesBuildPhase section */
		446065CE2D78D71F009A3196 /* Resources */ = {
			isa = PBXResourcesBuildPhase;
			buildActionMask = 2147483647;
			files = (
				446065F22D78D730009A3196 /* Assets.xcassets in Resources */,
				446065F42D78D730009A3196 /* LaunchScreen.storyboard in Resources */,
				446065F52D78D730009A3196 /* Main.storyboard in Resources */,
			);
			runOnlyForDeploymentPostprocessing = 0;
		};
/* End PBXResourcesBuildPhase section */

/* Begin PBXSourcesBuildPhase section */
		446065CC2D78D71F009A3196 /* Sources */ = {
			isa = PBXSourcesBuildPhase;
			buildActionMask = 2147483647;
			files = (
				44D7C1DE2D79052300198B04 /* Person.swift in Sources */,
				446065F62D78D730009A3196 /* AppDelegate.swift in Sources */,
				446065F72D78D730009A3196 /* SceneDelegate.swift in Sources */,
				44D7C1DC2D7901E500198B04 /* ContactDetailsViewController.swift in Sources */,
				446065F82D78D730009A3196 /* ContactListViewController.swift in Sources */,
			);
			runOnlyForDeploymentPostprocessing = 0;
		};
/* End PBXSourcesBuildPhase section */

/* Begin PBXVariantGroup section */
		446065EC2D78D730009A3196 /* LaunchScreen.storyboard */ = {
			isa = PBXVariantGroup;
			children = (
				446065EB2D78D730009A3196 /* Base */,
			);
			name = LaunchScreen.storyboard;
			sourceTree = "<group>";
		};
		446065EE2D78D730009A3196 /* Main.storyboard */ = {
			isa = PBXVariantGroup;
			children = (
				446065ED2D78D730009A3196 /* Base */,
			);
			name = Main.storyboard;
			sourceTree = "<group>";
		};
/* End PBXVariantGroup section */

/* Begin XCBuildConfiguration section */
		446065E42D78D720009A3196 /* Debug */ = {
			isa = XCBuildConfiguration;
			buildSettings = {
				ASSETCATALOG_COMPILER_APPICON_NAME = AppIcon;
				ASSETCATALOG_COMPILER_GLOBAL_ACCENT_COLOR_NAME = AccentColor;
				CODE_SIGN_STYLE = Automatic;
				CURRENT_PROJECT_VERSION = 1;
				DEVELOPMENT_TEAM = SW82FJL26G;
				GENERATE_INFOPLIST_FILE = YES;
				INFOPLIST_FILE = ContactsListApp/Resourses/Info.plist;
				INFOPLIST_KEY_UIApplicationSupportsIndirectInputEvents = YES;
				INFOPLIST_KEY_UILaunchStoryboardName = LaunchScreen;
				INFOPLIST_KEY_UIMainStoryboardFile = Main;
				INFOPLIST_KEY_UISupportedInterfaceOrientations = UIInterfaceOrientationPortrait;
				INFOPLIST_KEY_UISupportedInterfaceOrientations_iPad = "UIInterfaceOrientationLandscapeLeft UIInterfaceOrientationLandscapeRight UIInterfaceOrientationPortrait UIInterfaceOrientationPortraitUpsideDown";
				LD_RUNPATH_SEARCH_PATHS = (
					"$(inherited)",
					"@executable_path/Frameworks",
				);
				MARKETING_VERSION = 1.0;
				PRODUCT_BUNDLE_IDENTIFIER = SammySplah.ContactsListApp;
				PRODUCT_NAME = "$(TARGET_NAME)";
				SUPPORTED_PLATFORMS = "iphoneos iphonesimulator";
				SUPPORTS_MACCATALYST = NO;
				SUPPORTS_MAC_DESIGNED_FOR_IPHONE_IPAD = NO;
				SUPPORTS_XR_DESIGNED_FOR_IPHONE_IPAD = NO;
				SWIFT_EMIT_LOC_STRINGS = YES;
				SWIFT_VERSION = 5.0;
				TARGETED_DEVICE_FAMILY = 1;
			};
			name = Debug;
		};
		446065E52D78D720009A3196 /* Release */ = {
			isa = XCBuildConfiguration;
			buildSettings = {
				ASSETCATALOG_COMPILER_APPICON_NAME = AppIcon;
				ASSETCATALOG_COMPILER_GLOBAL_ACCENT_COLOR_NAME = AccentColor;
				CODE_SIGN_STYLE = Automatic;
				CURRENT_PROJECT_VERSION = 1;
				DEVELOPMENT_TEAM = SW82FJL26G;
				GENERATE_INFOPLIST_FILE = YES;
				INFOPLIST_FILE = ContactsListApp/Resourses/Info.plist;
				INFOPLIST_KEY_UIApplicationSupportsIndirectInputEvents = YES;
				INFOPLIST_KEY_UILaunchStoryboardName = LaunchScreen;
				INFOPLIST_KEY_UIMainStoryboardFile = Main;
				INFOPLIST_KEY_UISupportedInterfaceOrientations = UIInterfaceOrientationPortrait;
				INFOPLIST_KEY_UISupportedInterfaceOrientations_iPad = "UIInterfaceOrientationLandscapeLeft UIInterfaceOrientationLandscapeRight UIInterfaceOrientationPortrait UIInterfaceOrientationPortraitUpsideDown";
				LD_RUNPATH_SEARCH_PATHS = (
					"$(inherited)",
					"@executable_path/Frameworks",
				);
				MARKETING_VERSION = 1.0;
				PRODUCT_BUNDLE_IDENTIFIER = SammySplah.ContactsListApp;
				PRODUCT_NAME = "$(TARGET_NAME)";
				SUPPORTED_PLATFORMS = "iphoneos iphonesimulator";
				SUPPORTS_MACCATALYST = NO;
				SUPPORTS_MAC_DESIGNED_FOR_IPHONE_IPAD = NO;
				SUPPORTS_XR_DESIGNED_FOR_IPHONE_IPAD = NO;
				SWIFT_EMIT_LOC_STRINGS = YES;
				SWIFT_VERSION = 5.0;
				TARGETED_DEVICE_FAMILY = 1;
			};
			name = Release;
		};
		446065E62D78D720009A3196 /* Debug */ = {
			isa = XCBuildConfiguration;
			buildSettings = {
				ALWAYS_SEARCH_USER_PATHS = NO;
				ASSETCATALOG_COMPILER_GENERATE_SWIFT_ASSET_SYMBOL_EXTENSIONS = YES;
				CLANG_ANALYZER_NONNULL = YES;
				CLANG_ANALYZER_NUMBER_OBJECT_CONVERSION = YES_AGGRESSIVE;
				CLANG_CXX_LANGUAGE_STANDARD = "gnu++20";
				CLANG_ENABLE_MODULES = YES;
				CLANG_ENABLE_OBJC_ARC = YES;
				CLANG_ENABLE_OBJC_WEAK = YES;
				CLANG_WARN_BLOCK_CAPTURE_AUTORELEASING = YES;
				CLANG_WARN_BOOL_CONVERSION = YES;
				CLANG_WARN_COMMA = YES;
				CLANG_WARN_CONSTANT_CONVERSION = YES;
				CLANG_WARN_DEPRECATED_OBJC_IMPLEMENTATIONS = YES;
				CLANG_WARN_DIRECT_OBJC_ISA_USAGE = YES_ERROR;
				CLANG_WARN_DOCUMENTATION_COMMENTS = YES;
				CLANG_WARN_EMPTY_BODY = YES;
				CLANG_WARN_ENUM_CONVERSION = YES;
				CLANG_WARN_INFINITE_RECURSION = YES;
				CLANG_WARN_INT_CONVERSION = YES;
				CLANG_WARN_NON_LITERAL_NULL_CONVERSION = YES;
				CLANG_WARN_OBJC_IMPLICIT_RETAIN_SELF = YES;
				CLANG_WARN_OBJC_LITERAL_CONVERSION = YES;
				CLANG_WARN_OBJC_ROOT_CLASS = YES_ERROR;
				CLANG_WARN_QUOTED_INCLUDE_IN_FRAMEWORK_HEADER = YES;
				CLANG_WARN_RANGE_LOOP_ANALYSIS = YES;
				CLANG_WARN_STRICT_PROTOTYPES = YES;
				CLANG_WARN_SUSPICIOUS_MOVE = YES;
				CLANG_WARN_UNGUARDED_AVAILABILITY = YES_AGGRESSIVE;
				CLANG_WARN_UNREACHABLE_CODE = YES;
				CLANG_WARN__DUPLICATE_METHOD_MATCH = YES;
				COPY_PHASE_STRIP = NO;
				DEBUG_INFORMATION_FORMAT = dwarf;
				ENABLE_STRICT_OBJC_MSGSEND = YES;
				ENABLE_TESTABILITY = YES;
				ENABLE_USER_SCRIPT_SANDBOXING = YES;
				GCC_C_LANGUAGE_STANDARD = gnu17;
				GCC_DYNAMIC_NO_PIC = NO;
				GCC_NO_COMMON_BLOCKS = YES;
				GCC_OPTIMIZATION_LEVEL = 0;
				GCC_PREPROCESSOR_DEFINITIONS = (
					"DEBUG=1",
					"$(inherited)",
				);
				GCC_WARN_64_TO_32_BIT_CONVERSION = YES;
				GCC_WARN_ABOUT_RETURN_TYPE = YES_ERROR;
				GCC_WARN_UNDECLARED_SELECTOR = YES;
				GCC_WARN_UNINITIALIZED_AUTOS = YES_AGGRESSIVE;
				GCC_WARN_UNUSED_FUNCTION = YES;
				GCC_WARN_UNUSED_VARIABLE = YES;
				IPHONEOS_DEPLOYMENT_TARGET = 18.2;
				LOCALIZATION_PREFERS_STRING_CATALOGS = YES;
				MTL_ENABLE_DEBUG_INFO = INCLUDE_SOURCE;
				MTL_FAST_MATH = YES;
				ONLY_ACTIVE_ARCH = YES;
				SDKROOT = iphoneos;
				SWIFT_ACTIVE_COMPILATION_CONDITIONS = "DEBUG $(inherited)";
				SWIFT_OPTIMIZATION_LEVEL = "-Onone";
			};
			name = Debug;
		};
		446065E72D78D720009A3196 /* Release */ = {
			isa = XCBuildConfiguration;
			buildSettings = {
				ALWAYS_SEARCH_USER_PATHS = NO;
				ASSETCATALOG_COMPILER_GENERATE_SWIFT_ASSET_SYMBOL_EXTENSIONS = YES;
				CLANG_ANALYZER_NONNULL = YES;
				CLANG_ANALYZER_NUMBER_OBJECT_CONVERSION = YES_AGGRESSIVE;
				CLANG_CXX_LANGUAGE_STANDARD = "gnu++20";
				CLANG_ENABLE_MODULES = YES;
				CLANG_ENABLE_OBJC_ARC = YES;
				CLANG_ENABLE_OBJC_WEAK = YES;
				CLANG_WARN_BLOCK_CAPTURE_AUTORELEASING = YES;
				CLANG_WARN_BOOL_CONVERSION = YES;
				CLANG_WARN_COMMA = YES;
				CLANG_WARN_CONSTANT_CONVERSION = YES;
				CLANG_WARN_DEPRECATED_OBJC_IMPLEMENTATIONS = YES;
				CLANG_WARN_DIRECT_OBJC_ISA_USAGE = YES_ERROR;
				CLANG_WARN_DOCUMENTATION_COMMENTS = YES;
				CLANG_WARN_EMPTY_BODY = YES;
				CLANG_WARN_ENUM_CONVERSION = YES;
				CLANG_WARN_INFINITE_RECURSION = YES;
				CLANG_WARN_INT_CONVERSION = YES;
				CLANG_WARN_NON_LITERAL_NULL_CONVERSION = YES;
				CLANG_WARN_OBJC_IMPLICIT_RETAIN_SELF = YES;
				CLANG_WARN_OBJC_LITERAL_CONVERSION = YES;
				CLANG_WARN_OBJC_ROOT_CLASS = YES_ERROR;
				CLANG_WARN_QUOTED_INCLUDE_IN_FRAMEWORK_HEADER = YES;
				CLANG_WARN_RANGE_LOOP_ANALYSIS = YES;
				CLANG_WARN_STRICT_PROTOTYPES = YES;
				CLANG_WARN_SUSPICIOUS_MOVE = YES;
				CLANG_WARN_UNGUARDED_AVAILABILITY = YES_AGGRESSIVE;
				CLANG_WARN_UNREACHABLE_CODE = YES;
				CLANG_WARN__DUPLICATE_METHOD_MATCH = YES;
				COPY_PHASE_STRIP = NO;
				DEBUG_INFORMATION_FORMAT = "dwarf-with-dsym";
				ENABLE_NS_ASSERTIONS = NO;
				ENABLE_STRICT_OBJC_MSGSEND = YES;
				ENABLE_USER_SCRIPT_SANDBOXING = YES;
				GCC_C_LANGUAGE_STANDARD = gnu17;
				GCC_NO_COMMON_BLOCKS = YES;
				GCC_WARN_64_TO_32_BIT_CONVERSION = YES;
				GCC_WARN_ABOUT_RETURN_TYPE = YES_ERROR;
				GCC_WARN_UNDECLARED_SELECTOR = YES;
				GCC_WARN_UNINITIALIZED_AUTOS = YES_AGGRESSIVE;
				GCC_WARN_UNUSED_FUNCTION = YES;
				GCC_WARN_UNUSED_VARIABLE = YES;
				IPHONEOS_DEPLOYMENT_TARGET = 18.2;
				LOCALIZATION_PREFERS_STRING_CATALOGS = YES;
				MTL_ENABLE_DEBUG_INFO = NO;
				MTL_FAST_MATH = YES;
				SDKROOT = iphoneos;
				SWIFT_COMPILATION_MODE = wholemodule;
				VALIDATE_PRODUCT = YES;
			};
			name = Release;
		};
/* End XCBuildConfiguration section */

/* Begin XCConfigurationList section */
		446065CB2D78D71F009A3196 /* Build configuration list for PBXProject "ContactsListApp" */ = {
			isa = XCConfigurationList;
			buildConfigurations = (
				446065E62D78D720009A3196 /* Debug */,
				446065E72D78D720009A3196 /* Release */,
			);
			defaultConfigurationIsVisible = 0;
			defaultConfigurationName = Release;
		};
		446065E32D78D720009A3196 /* Build configuration list for PBXNativeTarget "ContactsListApp" */ = {
			isa = XCConfigurationList;
			buildConfigurations = (
				446065E42D78D720009A3196 /* Debug */,
				446065E52D78D720009A3196 /* Release */,
			);
			defaultConfigurationIsVisible = 0;
			defaultConfigurationName = Release;
		};
/* End XCConfigurationList section */
	};
	rootObject = 446065C82D78D71F009A3196 /* Project object */;
}
